// !$*UTF8*$!
{
	archiveVersion = 1;
	classes = {
	};
	objectVersion = 48;
	objects = {

/* Begin PBXBuildFile section */
		664C68FF1E02611D00538A3E /* AppDelegate.m in Sources */ = {isa = PBXBuildFile; fileRef = 664C68FE1E02611D00538A3E /* AppDelegate.m */; };
		664C69021E02611D00538A3E /* main.m in Sources */ = {isa = PBXBuildFile; fileRef = 664C69011E02611D00538A3E /* main.m */; };
		664C69041E02611D00538A3E /* Assets.xcassets in Resources */ = {isa = PBXBuildFile; fileRef = 664C69031E02611D00538A3E /* Assets.xcassets */; };
		664C69071E02611D00538A3E /* MainMenu.xib in Resources */ = {isa = PBXBuildFile; fileRef = 664C69051E02611D00538A3E /* MainMenu.xib */; };
/* End PBXBuildFile section */

/* Begin PBXFileReference section */
		664C68FA1E02611D00538A3E /* AutoNetModel.app */ = {isa = PBXFileReference; explicitFileType = wrapper.application; includeInIndex = 0; path = AutoNetModel.app; sourceTree = BUILT_PRODUCTS_DIR; };
		664C68FD1E02611D00538A3E /* AppDelegate.h */ = {isa = PBXFileReference; lastKnownFileType = sourcecode.c.h; path = AppDelegate.h; sourceTree = "<group>"; };
		664C68FE1E02611D00538A3E /* AppDelegate.m */ = {isa = PBXFileReference; lastKnownFileType = sourcecode.c.objc; path = AppDelegate.m; sourceTree = "<group>"; };
		664C69011E02611D00538A3E /* main.m */ = {isa = PBXFileReference; lastKnownFileType = sourcecode.c.objc; path = main.m; sourceTree = "<group>"; };
		664C69031E02611D00538A3E /* Assets.xcassets */ = {isa = PBXFileReference; lastKnownFileType = folder.assetcatalog; path = Assets.xcassets; sourceTree = "<group>"; };
		664C69061E02611D00538A3E /* Base */ = {isa = PBXFileReference; lastKnownFileType = file.xib; name = Base; path = Base.lproj/MainMenu.xib; sourceTree = "<group>"; };
		664C69081E02611D00538A3E /* Info.plist */ = {isa = PBXFileReference; lastKnownFileType = text.plist.xml; path = Info.plist; sourceTree = "<group>"; };
/* End PBXFileReference section */

/* Begin PBXFrameworksBuildPhase section */
		664C68F71E02611D00538A3E /* Frameworks */ = {
			isa = PBXFrameworksBuildPhase;
			buildActionMask = 2147483647;
			files = (
			);
			runOnlyForDeploymentPostprocessing = 0;
		};
/* End PBXFrameworksBuildPhase section */

/* Begin PBXGroup section */
		664C68F11E02611D00538A3E = {
			isa = PBXGroup;
			children = (
				664C68FC1E02611D00538A3E /* AutoNetModel */,
				664C68FB1E02611D00538A3E /* Products */,
			);
			sourceTree = "<group>";
		};
		664C68FB1E02611D00538A3E /* Products */ = {
			isa = PBXGroup;
			children = (
				664C68FA1E02611D00538A3E /* AutoNetModel.app */,
			);
			name = Products;
			sourceTree = "<group>";
		};
		664C68FC1E02611D00538A3E /* AutoNetModel */ = {
			isa = PBXGroup;
			children = (
				664C68FD1E02611D00538A3E /* AppDelegate.h */,
				664C68FE1E02611D00538A3E /* AppDelegate.m */,
				664C69031E02611D00538A3E /* Assets.xcassets */,
				664C69051E02611D00538A3E /* MainMenu.xib */,
				664C69081E02611D00538A3E /* Info.plist */,
				664C69001E02611D00538A3E /* Supporting Files */,
			);
			path = AutoNetModel;
			sourceTree = "<group>";
		};
		664C69001E02611D00538A3E /* Supporting Files */ = {
			isa = PBXGroup;
			children = (
				664C69011E02611D00538A3E /* main.m */,
			);
			name = "Supporting Files";
			sourceTree = "<group>";
		};
/* End PBXGroup section */

/* Begin PBXNativeTarget section */
		664C68F91E02611D00538A3E /* AutoNetModel */ = {
			isa = PBXNativeTarget;
			buildConfigurationList = 664C690B1E02611E00538A3E /* Build configuration list for PBXNativeTarget "AutoNetModel" */;
			buildPhases = (
				664C68F61E02611D00538A3E /* Sources */,
				664C68F71E02611D00538A3E /* Frameworks */,
				664C68F81E02611D00538A3E /* Resources */,
			);
			buildRules = (
			);
			dependencies = (
			);
			name = AutoNetModel;
			productName = AutoNetModel;
			productReference = 664C68FA1E02611D00538A3E /* AutoNetModel.app */;
			productType = "com.apple.product-type.application";
		};
/* End PBXNativeTarget section */

/* Begin PBXProject section */
		664C68F21E02611D00538A3E /* Project object */ = {
			isa = PBXProject;
			attributes = {
				LastUpgradeCheck = 0810;
				ORGANIZATIONNAME = AM;
				TargetAttributes = {
					664C68F91E02611D00538A3E = {
						CreatedOnToolsVersion = 8.1;
						ProvisioningStyle = Automatic;
					};
				};
			};
			buildConfigurationList = 664C68F51E02611D00538A3E /* Build configuration list for PBXProject "AutoNetModel" */;
			compatibilityVersion = "Xcode 8.0";
			developmentRegion = English;
			hasScannedForEncodings = 0;
			knownRegions = (
				en,
				Base,
			);
			mainGroup = 664C68F11E02611D00538A3E;
			productRefGroup = 664C68FB1E02611D00538A3E /* Products */;
			projectDirPath = "";
			projectRoot = "";
			targets = (
				664C68F91E02611D00538A3E /* AutoNetModel */,
			);
		};
/* End PBXProject section */

/* Begin PBXResourcesBuildPhase section */
		664C68F81E02611D00538A3E /* Resources */ = {
			isa = PBXResourcesBuildPhase;
			buildActionMask = 2147483647;
			files = (
				664C69041E02611D00538A3E /* Assets.xcassets in Resources */,
				664C69071E02611D00538A3E /* MainMenu.xib in Resources */,
			);
			runOnlyForDeploymentPostprocessing = 0;
		};
/* End PBXResourcesBuildPhase section */

/* Begin PBXSourcesBuildPhase section */
		664C68F61E02611D00538A3E /* Sources */ = {
			isa = PBXSourcesBuildPhase;
			buildActionMask = 2147483647;
			files = (
				664C69021E02611D00538A3E /* main.m in Sources */,
				664C68FF1E02611D00538A3E /* AppDelegate.m in Sources */,
			);
			runOnlyForDeploymentPostprocessing = 0;
		};
/* End PBXSourcesBuildPhase section */

/* Begin PBXVariantGroup section */
		664C69051E02611D00538A3E /* MainMenu.xib */ = {
			isa = PBXVariantGroup;
			children = (
				664C69061E02611D00538A3E /* Base */,
			);
			name = MainMenu.xib;
			sourceTree = "<group>";
		};
/* End PBXVariantGroup section */

/* Begin XCBuildConfiguration section */
		664C69091E02611D00538A3E /* Debug */ = {
			isa = XCBuildConfiguration;
			buildSettings = {
				ALWAYS_SEARCH_USER_PATHS = NO;
				CLANG_ANALYZER_NONNULL = YES;
				CLANG_CXX_LANGUAGE_STANDARD = "gnu++0x";
				CLANG_CXX_LIBRARY = "libc++";
				CLANG_ENABLE_MODULES = YES;
				CLANG_ENABLE_OBJC_ARC = YES;
				CLANG_WARN_BOOL_CONVERSION = YES;
				CLANG_WARN_CONSTANT_CONVERSION = YES;
				CLANG_WARN_DIRECT_OBJC_ISA_USAGE = YES_ERROR;
				CLANG_WARN_DOCUMENTATION_COMMENTS = YES;
				CLANG_WARN_EMPTY_BODY = YES;
				CLANG_WARN_ENUM_CONVERSION = YES;
				CLANG_WARN_INFINITE_RECURSION = YES;
				CLANG_WARN_INT_CONVERSION = YES;
				CLANG_WARN_OBJC_ROOT_CLASS = YES_ERROR;
				CLANG_WARN_SUSPICIOUS_MOVES = YES;
				CLANG_WARN_UNREACHABLE_CODE = YES;
				CLANG_WARN__DUPLICATE_METHOD_MATCH = YES;
				CODE_SIGN_IDENTITY = "-";
				COPY_PHASE_STRIP = NO;
				DEBUG_INFORMATION_FORMAT = dwarf;
				ENABLE_STRICT_OBJC_MSGSEND = YES;
				ENABLE_TESTABILITY = YES;
				GCC_C_LANGUAGE_STANDARD = gnu99;
				GCC_DYNAMIC_NO_PIC = NO;
				GCC_NO_COMMON_BLOCKS = YES;
				GCC_OPTIMIZATION_LEVEL = 0;
				GCC_PREPROCESSOR_DEFINITIONS = (
					"DEBUG=1",
					"$(inherited)",
				);
				GCC_WARN_64_TO_32_BIT_CONVERSION = YES;
				GCC_WARN_ABOUT_RETURN_TYPE = YES_ERROR;
				GCC_WARN_UNDECLARED_SELECTOR = YES;
				GCC_WARN_UNINITIALIZED_AUTOS = YES_AGGRESSIVE;
				GCC_WARN_UNUSED_FUNCTION = YES;
				GCC_WARN_UNUSED_VARIABLE = YES;
				MACOSX_DEPLOYMENT_TARGET = 10.12;
				MTL_ENABLE_DEBUG_INFO = YES;
				ONLY_ACTIVE_ARCH = YES;
				SDKROOT = macosx;
			};
			name = Debug;
		};
		664C690A1E02611D00538A3E /* Release */ = {
			isa = XCBuildConfiguration;
			buildSettings = {
				ALWAYS_SEARCH_USER_PATHS = NO;
				CLANG_ANALYZER_NONNULL = YES;
				CLANG_CXX_LANGUAGE_STANDARD = "gnu++0x";
				CLANG_CXX_LIBRARY = "libc++";
				CLANG_ENABLE_MODULES = YES;
				CLANG_ENABLE_OBJC_ARC = YES;
				CLANG_WARN_BOOL_CONVERSION = YES;
				CLANG_WARN_CONSTANT_CONVERSION = YES;
				CLANG_WARN_DIRECT_OBJC_ISA_USAGE = YES_ERROR;
				CLANG_WARN_DOCUMENTATION_COMMENTS = YES;
				CLANG_WARN_EMPTY_BODY = YES;
				CLANG_WARN_ENUM_CONVERSION = YES;
				CLANG_WARN_INFINITE_RECURSION = YES;
				CLANG_WARN_INT_CONVERSION = YES;
				CLANG_WARN_OBJC_ROOT_CLASS = YES_ERROR;
				CLANG_WARN_SUSPICIOUS_MOVES = YES;
				CLANG_WARN_UNREACHABLE_CODE = YES;
				CLANG_WARN__DUPLICATE_METHOD_MATCH = YES;
				CODE_SIGN_IDENTITY = "-";
				COPY_PHASE_STRIP = NO;
				DEBUG_INFORMATION_FORMAT = "dwarf-with-dsym";
				ENABLE_NS_ASSERTIONS = NO;
				ENABLE_STRICT_OBJC_MSGSEND = YES;
				GCC_C_LANGUAGE_STANDARD = gnu99;
				GCC_NO_COMMON_BLOCKS = YES;
				GCC_WARN_64_TO_32_BIT_CONVERSION = YES;
				GCC_WARN_ABOUT_RETURN_TYPE = YES_ERROR;
				GCC_WARN_UNDECLARED_SELECTOR = YES;
				GCC_WARN_UNINITIALIZED_AUTOS = YES_AGGRESSIVE;
				GCC_WARN_UNUSED_FUNCTION = YES;
				GCC_WARN_UNUSED_VARIABLE = YES;
				MACOSX_DEPLOYMENT_TARGET = 10.12;
				MTL_ENABLE_DEBUG_INFO = NO;
				SDKROOT = macosx;
			};
			name = Release;
		};
		664C690C1E02611E00538A3E /* Debug */ = {
			isa = XCBuildConfiguration;
			buildSettings = {
				ASSETCATALOG_COMPILER_APPICON_NAME = AppIcon;
				CODE_SIGN_IDENTITY = "Mac Developer";
				COMBINE_HIDPI_IMAGES = YES;
				DEVELOPMENT_TEAM = 4J67FTSTQJ;
				INFOPLIST_FILE = AutoNetModel/Info.plist;
				LD_RUNPATH_SEARCH_PATHS = "$(inherited) @executable_path/../Frameworks";
				MACOSX_DEPLOYMENT_TARGET = 10.10;
				PRODUCT_BUNDLE_IDENTIFIER = com.quentin.AutoNetModel;
				PRODUCT_NAME = "$(TARGET_NAME)";
			};
			name = Debug;
		};
		664C690D1E02611E00538A3E /* Release */ = {
			isa = XCBuildConfiguration;
			buildSettings = {
				ASSETCATALOG_COMPILER_APPICON_NAME = AppIcon;
				CODE_SIGN_IDENTITY = "Mac Developer";
				COMBINE_HIDPI_IMAGES = YES;
				DEVELOPMENT_TEAM = 4J67FTSTQJ;
				INFOPLIST_FILE = AutoNetModel/Info.plist;
				LD_RUNPATH_SEARCH_PATHS = "$(inherited) @executable_path/../Frameworks";
				MACOSX_DEPLOYMENT_TARGET = 10.10;
				PRODUCT_BUNDLE_IDENTIFIER = com.quentin.AutoNetModel;
				PRODUCT_NAME = "$(TARGET_NAME)";
			};
			name = Release;
		};
/* End XCBuildConfiguration section */

/* Begin XCConfigurationList section */
		664C68F51E02611D00538A3E /* Build configuration list for PBXProject "AutoNetModel" */ = {
			isa = XCConfigurationList;
			buildConfigurations = (
				664C69091E02611D00538A3E /* Debug */,
				664C690A1E02611D00538A3E /* Release */,
			);
			defaultConfigurationIsVisible = 0;
			defaultConfigurationName = Release;
		};
		664C690B1E02611E00538A3E /* Build configuration list for PBXNativeTarget "AutoNetModel" */ = {
			isa = XCConfigurationList;
			buildConfigurations = (
				664C690C1E02611E00538A3E /* Debug */,
				664C690D1E02611E00538A3E /* Release */,
			);
			defaultConfigurationIsVisible = 0;
		};
/* End XCConfigurationList section */
	};
	rootObject = 664C68F21E02611D00538A3E /* Project object */;
}
